{
  "name": "love-machine",
  "version": "1.0.0",
  "lockfileVersion": 1,
  "requires": true,
  "dependencies": {
    "prettier": {
      "version": "1.11.1",
      "resolved": "https://registry.npmjs.org/prettier/-/prettier-1.11.1.tgz",
      "integrity": "sha512-T/KD65Ot0PB97xTrG8afQ46x3oiVhnfGjGESSI9NWYcG92+OUPZKkwHqGWXH2t9jK1crnQjubECW0FuOth+hxw==",
      "dev": true
    },
    "readline-promise": {
      "version": "1.0.3",
      "resolved": "https://registry.npmjs.org/readline-promise/-/readline-promise-1.0.3.tgz",
      "integrity": "sha512-sseBRVVaTSQ2x7nYs66xi7HbmarvsNBVj0Tcac4tOfn+XBeqJI0D5Ymcw/c2tb3myJ3DZmcHEwJ4fpUvtfIxJg=="
    }
  }
}
